// !$*UTF8*$!
{
	archiveVersion = 1;
	classes = {
	};
	objectVersion = 46;
	objects = {

/* Begin PBXBuildFile section */
		28D2807658119CFD2B8D47A3 /* Pods_CaH_ClientTests.framework in Frameworks */ = {isa = PBXBuildFile; fileRef = 00C73C2BF33FF1E9D0D68455 /* Pods_CaH_ClientTests.framework */; };
		2D18078B2293DFB5006A384C /* GameViewController.swift in Sources */ = {isa = PBXBuildFile; fileRef = 2D18078A2293DFB5006A384C /* GameViewController.swift */; };
		2D855D31228D610900012BF7 /* CreateLobbyViewController.swift in Sources */ = {isa = PBXBuildFile; fileRef = 2D855D30228D610900012BF7 /* CreateLobbyViewController.swift */; };
		5C7C386CC342E52781AD38C6 /* Pods_CaH_Client.framework in Frameworks */ = {isa = PBXBuildFile; fileRef = F0A17A76773E4481E6556E35 /* Pods_CaH_Client.framework */; };
		6C68803387DB2487D9D669EE /* ConnectionManager.swift in Sources */ = {isa = PBXBuildFile; fileRef = 6C688107BB8072A0AA4656A2 /* ConnectionManager.swift */; };
		6C6883B241399DDF8961A381 /* LaunchScreen.storyboard in Resources */ = {isa = PBXBuildFile; fileRef = 6C688B6EBC15FE2ED12A439B /* LaunchScreen.storyboard */; };
		6C6884F13171DF50053E2296 /* AppDelegate.swift in Sources */ = {isa = PBXBuildFile; fileRef = 6C688ACD3B3E940C3DF5F4D1 /* AppDelegate.swift */; };
		6C6885863BD3F6F34F8D0AE6 /* Datastructures.swift in Sources */ = {isa = PBXBuildFile; fileRef = 6C688D11804EDF047BF6851B /* Datastructures.swift */; };
		6C6888CBBE25FAEC3A29A5DC /* Assets.xcassets in Resources */ = {isa = PBXBuildFile; fileRef = 6C68857E72C9AF83EFF7E705 /* Assets.xcassets */; };
		E868FAD8B3E9EB4E757B9B1B /* Pods_CaH_ClientUITests.framework in Frameworks */ = {isa = PBXBuildFile; fileRef = 97B99F08173F88BAAAC0CE82 /* Pods_CaH_ClientUITests.framework */; };
		FA1999E4228AABA0001D62E0 /* LobbiesTableViewController.swift in Sources */ = {isa = PBXBuildFile; fileRef = FA1999E3228AABA0001D62E0 /* LobbiesTableViewController.swift */; };
		FA1999E6228AABC6001D62E0 /* LobbiesTableViewCell.swift in Sources */ = {isa = PBXBuildFile; fileRef = FA1999E5228AABC6001D62E0 /* LobbiesTableViewCell.swift */; };
		FA1999EA228AABE3001D62E0 /* PlayerTableViewCell.swift in Sources */ = {isa = PBXBuildFile; fileRef = FA1999E8228AABE2001D62E0 /* PlayerTableViewCell.swift */; };
		FA1999EB228AABE3001D62E0 /* LobbyViewController.swift in Sources */ = {isa = PBXBuildFile; fileRef = FA1999E9228AABE3001D62E0 /* LobbyViewController.swift */; };
		FA1999ED228AAC30001D62E0 /* Model.swift in Sources */ = {isa = PBXBuildFile; fileRef = FA1999EC228AAC30001D62E0 /* Model.swift */; };
		FA1999EF228AAC5F001D62E0 /* Main.storyboard in Resources */ = {isa = PBXBuildFile; fileRef = FA1999EE228AAC5F001D62E0 /* Main.storyboard */; };
/* End PBXBuildFile section */

/* Begin PBXContainerItemProxy section */
		6C68850A852192EDCD8366F6 /* PBXContainerItemProxy */ = {
			isa = PBXContainerItemProxy;
			containerPortal = 6C688EF9EE235B6B38729370 /* Project object */;
			proxyType = 1;
			remoteGlobalIDString = 6C6886BF42D35B1D352605AA;
			remoteInfo = "CaH-Client";
		};
		6C688F9933F0880C03CCE4D7 /* PBXContainerItemProxy */ = {
			isa = PBXContainerItemProxy;
			containerPortal = 6C688EF9EE235B6B38729370 /* Project object */;
			proxyType = 1;
			remoteGlobalIDString = 6C6886BF42D35B1D352605AA;
			remoteInfo = "CaH-Client";
		};
/* End PBXContainerItemProxy section */

/* Begin PBXFileReference section */
		00C73C2BF33FF1E9D0D68455 /* Pods_CaH_ClientTests.framework */ = {isa = PBXFileReference; explicitFileType = wrapper.framework; includeInIndex = 0; path = Pods_CaH_ClientTests.framework; sourceTree = BUILT_PRODUCTS_DIR; };
		2D18078A2293DFB5006A384C /* GameViewController.swift */ = {isa = PBXFileReference; lastKnownFileType = sourcecode.swift; path = GameViewController.swift; sourceTree = "<group>"; };
		2D855D30228D610900012BF7 /* CreateLobbyViewController.swift */ = {isa = PBXFileReference; lastKnownFileType = sourcecode.swift; path = CreateLobbyViewController.swift; sourceTree = "<group>"; };
		62534B08C4F9046AA3870C06 /* Pods-CaH-ClientTests.release.xcconfig */ = {isa = PBXFileReference; includeInIndex = 1; lastKnownFileType = text.xcconfig; name = "Pods-CaH-ClientTests.release.xcconfig"; path = "Target Support Files/Pods-CaH-ClientTests/Pods-CaH-ClientTests.release.xcconfig"; sourceTree = "<group>"; };
		6C688107BB8072A0AA4656A2 /* ConnectionManager.swift */ = {isa = PBXFileReference; fileEncoding = 4; lastKnownFileType = sourcecode.swift; path = ConnectionManager.swift; sourceTree = "<group>"; };
		6C68823A79526A2EA1724557 /* CaH-Client.app */ = {isa = PBXFileReference; explicitFileType = wrapper.application; includeInIndex = 0; path = "CaH-Client.app"; sourceTree = BUILT_PRODUCTS_DIR; };
		6C688432EBDC8F540B907DBB /* CaH-ClientTests.xctest */ = {isa = PBXFileReference; explicitFileType = wrapper.cfbundle; includeInIndex = 0; path = "CaH-ClientTests.xctest"; sourceTree = BUILT_PRODUCTS_DIR; };
		6C6884E3A496373879D02FE5 /* CaH-ClientUITests.xctest */ = {isa = PBXFileReference; explicitFileType = wrapper.cfbundle; includeInIndex = 0; path = "CaH-ClientUITests.xctest"; sourceTree = BUILT_PRODUCTS_DIR; };
		6C68857E72C9AF83EFF7E705 /* Assets.xcassets */ = {isa = PBXFileReference; lastKnownFileType = folder.assetcatalog; path = Assets.xcassets; sourceTree = "<group>"; };
		6C6885F95B8800281D65BFFF /* Info.plist */ = {isa = PBXFileReference; lastKnownFileType = text.plist.info; path = Info.plist; sourceTree = "<group>"; };
		6C688ACD3B3E940C3DF5F4D1 /* AppDelegate.swift */ = {isa = PBXFileReference; lastKnownFileType = sourcecode.swift; path = AppDelegate.swift; sourceTree = "<group>"; };
		6C688D11804EDF047BF6851B /* Datastructures.swift */ = {isa = PBXFileReference; fileEncoding = 4; lastKnownFileType = sourcecode.swift; path = Datastructures.swift; sourceTree = "<group>"; };
		6C688E03B4ACA0C910FB8B8A /* Base */ = {isa = PBXFileReference; lastKnownFileType = file.storyboard; name = Base; path = Base.lproj/LaunchScreen.storyboard; sourceTree = "<group>"; };
		929DD65BC2210F8B475827F1 /* Pods-CaH-ClientUITests.release.xcconfig */ = {isa = PBXFileReference; includeInIndex = 1; lastKnownFileType = text.xcconfig; name = "Pods-CaH-ClientUITests.release.xcconfig"; path = "Target Support Files/Pods-CaH-ClientUITests/Pods-CaH-ClientUITests.release.xcconfig"; sourceTree = "<group>"; };
		97B99F08173F88BAAAC0CE82 /* Pods_CaH_ClientUITests.framework */ = {isa = PBXFileReference; explicitFileType = wrapper.framework; includeInIndex = 0; path = Pods_CaH_ClientUITests.framework; sourceTree = BUILT_PRODUCTS_DIR; };
		A65217EC017140C2E835610C /* Pods-CaH-Client.debug.xcconfig */ = {isa = PBXFileReference; includeInIndex = 1; lastKnownFileType = text.xcconfig; name = "Pods-CaH-Client.debug.xcconfig"; path = "Target Support Files/Pods-CaH-Client/Pods-CaH-Client.debug.xcconfig"; sourceTree = "<group>"; };
		BDCDC6CAA6517C023A0EEF9F /* Pods-CaH-Client.release.xcconfig */ = {isa = PBXFileReference; includeInIndex = 1; lastKnownFileType = text.xcconfig; name = "Pods-CaH-Client.release.xcconfig"; path = "Target Support Files/Pods-CaH-Client/Pods-CaH-Client.release.xcconfig"; sourceTree = "<group>"; };
		CFA37BB6A19E130BCA979BF1 /* Pods-CaH-ClientTests.debug.xcconfig */ = {isa = PBXFileReference; includeInIndex = 1; lastKnownFileType = text.xcconfig; name = "Pods-CaH-ClientTests.debug.xcconfig"; path = "Target Support Files/Pods-CaH-ClientTests/Pods-CaH-ClientTests.debug.xcconfig"; sourceTree = "<group>"; };
		F0A17A76773E4481E6556E35 /* Pods_CaH_Client.framework */ = {isa = PBXFileReference; explicitFileType = wrapper.framework; includeInIndex = 0; path = Pods_CaH_Client.framework; sourceTree = BUILT_PRODUCTS_DIR; };
		FA1999E3228AABA0001D62E0 /* LobbiesTableViewController.swift */ = {isa = PBXFileReference; fileEncoding = 4; lastKnownFileType = sourcecode.swift; path = LobbiesTableViewController.swift; sourceTree = "<group>"; };
		FA1999E5228AABC6001D62E0 /* LobbiesTableViewCell.swift */ = {isa = PBXFileReference; fileEncoding = 4; lastKnownFileType = sourcecode.swift; path = LobbiesTableViewCell.swift; sourceTree = "<group>"; };
		FA1999E8228AABE2001D62E0 /* PlayerTableViewCell.swift */ = {isa = PBXFileReference; fileEncoding = 4; lastKnownFileType = sourcecode.swift; path = PlayerTableViewCell.swift; sourceTree = "<group>"; };
		FA1999E9228AABE3001D62E0 /* LobbyViewController.swift */ = {isa = PBXFileReference; fileEncoding = 4; lastKnownFileType = sourcecode.swift; path = LobbyViewController.swift; sourceTree = "<group>"; };
		FA1999EC228AAC30001D62E0 /* Model.swift */ = {isa = PBXFileReference; fileEncoding = 4; lastKnownFileType = sourcecode.swift; path = Model.swift; sourceTree = "<group>"; };
		FA1999EE228AAC5F001D62E0 /* Main.storyboard */ = {isa = PBXFileReference; fileEncoding = 4; lastKnownFileType = file.storyboard; path = Main.storyboard; sourceTree = "<group>"; };
		FC7B0596221136E31161DDFE /* Pods-CaH-ClientUITests.debug.xcconfig */ = {isa = PBXFileReference; includeInIndex = 1; lastKnownFileType = text.xcconfig; name = "Pods-CaH-ClientUITests.debug.xcconfig"; path = "Target Support Files/Pods-CaH-ClientUITests/Pods-CaH-ClientUITests.debug.xcconfig"; sourceTree = "<group>"; };
/* End PBXFileReference section */

/* Begin PBXFrameworksBuildPhase section */
		6C6883E44980744DCBDBD944 /* Frameworks */ = {
			isa = PBXFrameworksBuildPhase;
			buildActionMask = 2147483647;
			files = (
				28D2807658119CFD2B8D47A3 /* Pods_CaH_ClientTests.framework in Frameworks */,
			);
			runOnlyForDeploymentPostprocessing = 0;
		};
		6C688ED31D6DE2D6F34BB3A3 /* Frameworks */ = {
			isa = PBXFrameworksBuildPhase;
			buildActionMask = 2147483647;
			files = (
				E868FAD8B3E9EB4E757B9B1B /* Pods_CaH_ClientUITests.framework in Frameworks */,
			);
			runOnlyForDeploymentPostprocessing = 0;
		};
		6C688F398704D7862FBABED7 /* Frameworks */ = {
			isa = PBXFrameworksBuildPhase;
			buildActionMask = 2147483647;
			files = (
				5C7C386CC342E52781AD38C6 /* Pods_CaH_Client.framework in Frameworks */,
			);
			runOnlyForDeploymentPostprocessing = 0;
		};
/* End PBXFrameworksBuildPhase section */

/* Begin PBXGroup section */
		2D1807882293DF62006A384C /* Game */ = {
			isa = PBXGroup;
			children = (
				2D18078A2293DFB5006A384C /* GameViewController.swift */,
			);
			path = Game;
			sourceTree = "<group>";
		};
		2D1807892293DF7B006A384C /* Chat */ = {
			isa = PBXGroup;
			children = (
			);
			path = Chat;
			sourceTree = "<group>";
		};
		5047D678E91B777B69A1A5A6 /* Frameworks */ = {
			isa = PBXGroup;
			children = (
				F0A17A76773E4481E6556E35 /* Pods_CaH_Client.framework */,
				00C73C2BF33FF1E9D0D68455 /* Pods_CaH_ClientTests.framework */,
				97B99F08173F88BAAAC0CE82 /* Pods_CaH_ClientUITests.framework */,
			);
			name = Frameworks;
			sourceTree = "<group>";
		};
		585D1C9B02210DFFA68C5AC3 /* Pods */ = {
			isa = PBXGroup;
			children = (
				A65217EC017140C2E835610C /* Pods-CaH-Client.debug.xcconfig */,
				BDCDC6CAA6517C023A0EEF9F /* Pods-CaH-Client.release.xcconfig */,
				CFA37BB6A19E130BCA979BF1 /* Pods-CaH-ClientTests.debug.xcconfig */,
				62534B08C4F9046AA3870C06 /* Pods-CaH-ClientTests.release.xcconfig */,
				FC7B0596221136E31161DDFE /* Pods-CaH-ClientUITests.debug.xcconfig */,
				929DD65BC2210F8B475827F1 /* Pods-CaH-ClientUITests.release.xcconfig */,
			);
			name = Pods;
			path = Pods;
			sourceTree = "<group>";
		};
		6C68842E6C11408ABC7CD2D2 /* Model */ = {
			isa = PBXGroup;
			children = (
				FA1999EC228AAC30001D62E0 /* Model.swift */,
				6C688D11804EDF047BF6851B /* Datastructures.swift */,
				6C688107BB8072A0AA4656A2 /* ConnectionManager.swift */,
			);
			path = Model;
			sourceTree = "<group>";
		};
		6C688787DD9CAB348E0CD5AD = {
			isa = PBXGroup;
			children = (
				6C6888F94F336340B088F144 /* Products */,
				6C6889B734D4A65F61AC3AA3 /* CaH-Client */,
				585D1C9B02210DFFA68C5AC3 /* Pods */,
				5047D678E91B777B69A1A5A6 /* Frameworks */,
			);
			sourceTree = "<group>";
		};
		6C6888F94F336340B088F144 /* Products */ = {
			isa = PBXGroup;
			children = (
				6C68823A79526A2EA1724557 /* CaH-Client.app */,
				6C688432EBDC8F540B907DBB /* CaH-ClientTests.xctest */,
				6C6884E3A496373879D02FE5 /* CaH-ClientUITests.xctest */,
			);
			name = Products;
			sourceTree = "<group>";
		};
		6C6889B734D4A65F61AC3AA3 /* CaH-Client */ = {
			isa = PBXGroup;
			children = (
				2D1807892293DF7B006A384C /* Chat */,
				2D1807882293DF62006A384C /* Game */,
				2D855D30228D610900012BF7 /* CreateLobbyViewController.swift */,
				FA1999E7228AABCD001D62E0 /* Lobby */,
				FA1999E2228AAB67001D62E0 /* Lobbies */,
				6C68842E6C11408ABC7CD2D2 /* Model */,
				6C6885F95B8800281D65BFFF /* Info.plist */,
				6C68857E72C9AF83EFF7E705 /* Assets.xcassets */,
				6C688B6EBC15FE2ED12A439B /* LaunchScreen.storyboard */,
				FA1999EE228AAC5F001D62E0 /* Main.storyboard */,
				6C688ACD3B3E940C3DF5F4D1 /* AppDelegate.swift */,
			);
			path = "CaH-Client";
			sourceTree = "<group>";
		};
		FA1999E2228AAB67001D62E0 /* Lobbies */ = {
			isa = PBXGroup;
			children = (
				FA1999E3228AABA0001D62E0 /* LobbiesTableViewController.swift */,
				FA1999E5228AABC6001D62E0 /* LobbiesTableViewCell.swift */,
			);
			path = Lobbies;
			sourceTree = "<group>";
		};
		FA1999E7228AABCD001D62E0 /* Lobby */ = {
			isa = PBXGroup;
			children = (
				FA1999E9228AABE3001D62E0 /* LobbyViewController.swift */,
				FA1999E8228AABE2001D62E0 /* PlayerTableViewCell.swift */,
			);
			path = Lobby;
			sourceTree = "<group>";
		};
/* End PBXGroup section */

/* Begin PBXNativeTarget section */
		6C6881D0E52DF9EC70BB9E2E /* CaH-ClientUITests */ = {
			isa = PBXNativeTarget;
			buildConfigurationList = 6C68899025DE5B886C84341A /* Build configuration list for PBXNativeTarget "CaH-ClientUITests" */;
			buildPhases = (
				14E88877C6976B0D5C78EAB6 /* [CP] Check Pods Manifest.lock */,
				6C6888C86D224FA8F79B3629 /* Sources */,
				6C688ED31D6DE2D6F34BB3A3 /* Frameworks */,
				6C6883F7A89A27DC9EA5A7FE /* Resources */,
			);
			buildRules = (
			);
			dependencies = (
				6C6881CB6CAC9AD910AF6DCC /* PBXTargetDependency */,
			);
			name = "CaH-ClientUITests";
			productName = "CaH-ClientUITests";
			productReference = 6C6884E3A496373879D02FE5 /* CaH-ClientUITests.xctest */;
			productType = "com.apple.product-type.bundle.ui-testing";
		};
		6C68831841932B136D40A462 /* CaH-ClientTests */ = {
			isa = PBXNativeTarget;
			buildConfigurationList = 6C688202DBEE9BBAC22694DB /* Build configuration list for PBXNativeTarget "CaH-ClientTests" */;
			buildPhases = (
				BF51D6363593926A166AEF71 /* [CP] Check Pods Manifest.lock */,
				6C688EF1BDD073A550623D08 /* Sources */,
				6C6883E44980744DCBDBD944 /* Frameworks */,
				6C688074911B080FD264CF47 /* Resources */,
			);
			buildRules = (
			);
			dependencies = (
				6C68832558971D4DC1D40BC1 /* PBXTargetDependency */,
			);
			name = "CaH-ClientTests";
			productName = "CaH-ClientTests";
			productReference = 6C688432EBDC8F540B907DBB /* CaH-ClientTests.xctest */;
			productType = "com.apple.product-type.bundle.unit-test";
		};
		6C6886BF42D35B1D352605AA /* CaH-Client */ = {
			isa = PBXNativeTarget;
			buildConfigurationList = 6C68833F7886DCC7F7F35729 /* Build configuration list for PBXNativeTarget "CaH-Client" */;
			buildPhases = (
				87560627963A61627F02C246 /* [CP] Check Pods Manifest.lock */,
				6C688C6BD4D3A7C9E8FE1DCB /* Sources */,
				6C688F398704D7862FBABED7 /* Frameworks */,
				6C688B97DA0396C4FB830963 /* Resources */,
				19F18615E5D82E50A5565F3C /* [CP] Embed Pods Frameworks */,
			);
			buildRules = (
			);
			dependencies = (
			);
			name = "CaH-Client";
			productName = "CaH-Client";
			productReference = 6C68823A79526A2EA1724557 /* CaH-Client.app */;
			productType = "com.apple.product-type.application";
		};
/* End PBXNativeTarget section */

/* Begin PBXProject section */
		6C688EF9EE235B6B38729370 /* Project object */ = {
			isa = PBXProject;
			attributes = {
				ORGANIZATIONNAME = "at.htl-leonding";
				TargetAttributes = {
					6C6886BF42D35B1D352605AA = {
						DevelopmentTeam = BMARK28GQ6;
					};
				};
			};
			buildConfigurationList = 6C6888503A95EFF66D5586C8 /* Build configuration list for PBXProject "CaH-Client" */;
			compatibilityVersion = "Xcode 3.2";
			developmentRegion = English;
			hasScannedForEncodings = 0;
			knownRegions = (
				English,
				en,
				Base,
			);
			mainGroup = 6C688787DD9CAB348E0CD5AD;
			productRefGroup = 6C6888F94F336340B088F144 /* Products */;
			projectDirPath = "";
			projectRoot = "";
			targets = (
				6C6886BF42D35B1D352605AA /* CaH-Client */,
				6C68831841932B136D40A462 /* CaH-ClientTests */,
				6C6881D0E52DF9EC70BB9E2E /* CaH-ClientUITests */,
			);
		};
/* End PBXProject section */

/* Begin PBXResourcesBuildPhase section */
		6C688074911B080FD264CF47 /* Resources */ = {
			isa = PBXResourcesBuildPhase;
			buildActionMask = 2147483647;
			files = (
			);
			runOnlyForDeploymentPostprocessing = 0;
		};
		6C6883F7A89A27DC9EA5A7FE /* Resources */ = {
			isa = PBXResourcesBuildPhase;
			buildActionMask = 2147483647;
			files = (
			);
			runOnlyForDeploymentPostprocessing = 0;
		};
		6C688B97DA0396C4FB830963 /* Resources */ = {
			isa = PBXResourcesBuildPhase;
			buildActionMask = 2147483647;
			files = (
				FA1999EF228AAC5F001D62E0 /* Main.storyboard in Resources */,
				6C6888CBBE25FAEC3A29A5DC /* Assets.xcassets in Resources */,
				6C6883B241399DDF8961A381 /* LaunchScreen.storyboard in Resources */,
			);
			runOnlyForDeploymentPostprocessing = 0;
		};
/* End PBXResourcesBuildPhase section */

/* Begin PBXShellScriptBuildPhase section */
		14E88877C6976B0D5C78EAB6 /* [CP] Check Pods Manifest.lock */ = {
			isa = PBXShellScriptBuildPhase;
			buildActionMask = 2147483647;
			files = (
			);
			inputFileListPaths = (
			);
			inputPaths = (
				"${PODS_PODFILE_DIR_PATH}/Podfile.lock",
				"${PODS_ROOT}/Manifest.lock",
			);
			name = "[CP] Check Pods Manifest.lock";
			outputFileListPaths = (
			);
			outputPaths = (
				"$(DERIVED_FILE_DIR)/Pods-CaH-ClientUITests-checkManifestLockResult.txt",
			);
			runOnlyForDeploymentPostprocessing = 0;
			shellPath = /bin/sh;
			shellScript = "diff \"${PODS_PODFILE_DIR_PATH}/Podfile.lock\" \"${PODS_ROOT}/Manifest.lock\" > /dev/null\nif [ $? != 0 ] ; then\n    # print error to STDERR\n    echo \"error: The sandbox is not in sync with the Podfile.lock. Run 'pod install' or update your CocoaPods installation.\" >&2\n    exit 1\nfi\n# This output is used by Xcode 'outputs' to avoid re-running this script phase.\necho \"SUCCESS\" > \"${SCRIPT_OUTPUT_FILE_0}\"\n";
			showEnvVarsInLog = 0;
		};
		19F18615E5D82E50A5565F3C /* [CP] Embed Pods Frameworks */ = {
			isa = PBXShellScriptBuildPhase;
			buildActionMask = 2147483647;
			files = (
			);
			inputPaths = (
				"${PODS_ROOT}/Target Support Files/Pods-CaH-Client/Pods-CaH-Client-frameworks.sh",
				"${BUILT_PRODUCTS_DIR}/Starscream/Starscream.framework",
			);
			name = "[CP] Embed Pods Frameworks";
			outputPaths = (
				"${TARGET_BUILD_DIR}/${FRAMEWORKS_FOLDER_PATH}/Starscream.framework",
			);
			runOnlyForDeploymentPostprocessing = 0;
			shellPath = /bin/sh;
			shellScript = "\"${PODS_ROOT}/Target Support Files/Pods-CaH-Client/Pods-CaH-Client-frameworks.sh\"\n";
			showEnvVarsInLog = 0;
		};
		87560627963A61627F02C246 /* [CP] Check Pods Manifest.lock */ = {
			isa = PBXShellScriptBuildPhase;
			buildActionMask = 2147483647;
			files = (
			);
			inputFileListPaths = (
			);
			inputPaths = (
				"${PODS_PODFILE_DIR_PATH}/Podfile.lock",
				"${PODS_ROOT}/Manifest.lock",
			);
			name = "[CP] Check Pods Manifest.lock";
			outputFileListPaths = (
			);
			outputPaths = (
				"$(DERIVED_FILE_DIR)/Pods-CaH-Client-checkManifestLockResult.txt",
			);
			runOnlyForDeploymentPostprocessing = 0;
			shellPath = /bin/sh;
			shellScript = "diff \"${PODS_PODFILE_DIR_PATH}/Podfile.lock\" \"${PODS_ROOT}/Manifest.lock\" > /dev/null\nif [ $? != 0 ] ; then\n    # print error to STDERR\n    echo \"error: The sandbox is not in sync with the Podfile.lock. Run 'pod install' or update your CocoaPods installation.\" >&2\n    exit 1\nfi\n# This output is used by Xcode 'outputs' to avoid re-running this script phase.\necho \"SUCCESS\" > \"${SCRIPT_OUTPUT_FILE_0}\"\n";
			showEnvVarsInLog = 0;
		};
		BF51D6363593926A166AEF71 /* [CP] Check Pods Manifest.lock */ = {
			isa = PBXShellScriptBuildPhase;
			buildActionMask = 2147483647;
			files = (
			);
			inputFileListPaths = (
			);
			inputPaths = (
				"${PODS_PODFILE_DIR_PATH}/Podfile.lock",
				"${PODS_ROOT}/Manifest.lock",
			);
			name = "[CP] Check Pods Manifest.lock";
			outputFileListPaths = (
			);
			outputPaths = (
				"$(DERIVED_FILE_DIR)/Pods-CaH-ClientTests-checkManifestLockResult.txt",
			);
			runOnlyForDeploymentPostprocessing = 0;
			shellPath = /bin/sh;
			shellScript = "diff \"${PODS_PODFILE_DIR_PATH}/Podfile.lock\" \"${PODS_ROOT}/Manifest.lock\" > /dev/null\nif [ $? != 0 ] ; then\n    # print error to STDERR\n    echo \"error: The sandbox is not in sync with the Podfile.lock. Run 'pod install' or update your CocoaPods installation.\" >&2\n    exit 1\nfi\n# This output is used by Xcode 'outputs' to avoid re-running this script phase.\necho \"SUCCESS\" > \"${SCRIPT_OUTPUT_FILE_0}\"\n";
			showEnvVarsInLog = 0;
		};
/* End PBXShellScriptBuildPhase section */

/* Begin PBXSourcesBuildPhase section */
		6C6888C86D224FA8F79B3629 /* Sources */ = {
			isa = PBXSourcesBuildPhase;
			buildActionMask = 2147483647;
			files = (
			);
			runOnlyForDeploymentPostprocessing = 0;
		};
		6C688C6BD4D3A7C9E8FE1DCB /* Sources */ = {
			isa = PBXSourcesBuildPhase;
			buildActionMask = 2147483647;
			files = (
				2D18078B2293DFB5006A384C /* GameViewController.swift in Sources */,
				6C6884F13171DF50053E2296 /* AppDelegate.swift in Sources */,
				FA1999EB228AABE3001D62E0 /* LobbyViewController.swift in Sources */,
				6C6885863BD3F6F34F8D0AE6 /* Datastructures.swift in Sources */,
				6C68803387DB2487D9D669EE /* ConnectionManager.swift in Sources */,
				FA1999EA228AABE3001D62E0 /* PlayerTableViewCell.swift in Sources */,
				FA1999ED228AAC30001D62E0 /* Model.swift in Sources */,
				FA1999E6228AABC6001D62E0 /* LobbiesTableViewCell.swift in Sources */,
				FA1999E4228AABA0001D62E0 /* LobbiesTableViewController.swift in Sources */,
				2D855D31228D610900012BF7 /* CreateLobbyViewController.swift in Sources */,
			);
			runOnlyForDeploymentPostprocessing = 0;
		};
		6C688EF1BDD073A550623D08 /* Sources */ = {
			isa = PBXSourcesBuildPhase;
			buildActionMask = 2147483647;
			files = (
			);
			runOnlyForDeploymentPostprocessing = 0;
		};
/* End PBXSourcesBuildPhase section */

/* Begin PBXTargetDependency section */
		6C6881CB6CAC9AD910AF6DCC /* PBXTargetDependency */ = {
			isa = PBXTargetDependency;
			target = 6C6886BF42D35B1D352605AA /* CaH-Client */;
			targetProxy = 6C688F9933F0880C03CCE4D7 /* PBXContainerItemProxy */;
		};
		6C68832558971D4DC1D40BC1 /* PBXTargetDependency */ = {
			isa = PBXTargetDependency;
			target = 6C6886BF42D35B1D352605AA /* CaH-Client */;
			targetProxy = 6C68850A852192EDCD8366F6 /* PBXContainerItemProxy */;
		};
/* End PBXTargetDependency section */

/* Begin PBXVariantGroup section */
		6C688B6EBC15FE2ED12A439B /* LaunchScreen.storyboard */ = {
			isa = PBXVariantGroup;
			children = (
				6C688E03B4ACA0C910FB8B8A /* Base */,
			);
			name = LaunchScreen.storyboard;
			sourceTree = "<group>";
		};
/* End PBXVariantGroup section */

/* Begin XCBuildConfiguration section */
		6C68803EB03353228C975561 /* Release */ = {
			isa = XCBuildConfiguration;
			baseConfigurationReference = 929DD65BC2210F8B475827F1 /* Pods-CaH-ClientUITests.release.xcconfig */;
			buildSettings = {
				INFOPLIST_FILE = "CaH-ClientUITests/Info.plist";
				LD_RUNPATH_SEARCH_PATHS = "$(inherited) @executable_path/Frameworks @loader_path/Frameworks";
				PRODUCT_BUNDLE_IDENTIFIER = "at.htl-leonding.CaH-ClientUITests";
				PRODUCT_NAME = "$(TARGET_NAME)";
				SWIFT_VERSION = 4.2;
				TARGETED_DEVICE_FAMILY = "1,2";
				TEST_TARGET_NAME = "CaH-Client";
			};
			name = Release;
		};
		6C68825BF3D2EC1479B6D96E /* Release */ = {
			isa = XCBuildConfiguration;
			baseConfigurationReference = 62534B08C4F9046AA3870C06 /* Pods-CaH-ClientTests.release.xcconfig */;
			buildSettings = {
				BUNDLE_LOADER = "$(BUILT_PRODUCTS_DIR)/CaH-Client.app/CaH-Client";
				INFOPLIST_FILE = "CaH-ClientTests/Info.plist";
				LD_RUNPATH_SEARCH_PATHS = "$(inherited) @executable_path/Frameworks @loader_path/Frameworks";
				PRODUCT_BUNDLE_IDENTIFIER = "at.htl-leonding.CaH-ClientTests";
				PRODUCT_NAME = "$(TARGET_NAME)";
				SWIFT_VERSION = 4.2;
				TARGETED_DEVICE_FAMILY = "1,2";
				TEST_HOST = "$(BUNDLE_LOADER)";
			};
			name = Release;
		};
		6C6887393FB27E3367F5BB79 /* Debug */ = {
			isa = XCBuildConfiguration;
			baseConfigurationReference = FC7B0596221136E31161DDFE /* Pods-CaH-ClientUITests.debug.xcconfig */;
			buildSettings = {
				INFOPLIST_FILE = "CaH-ClientUITests/Info.plist";
				LD_RUNPATH_SEARCH_PATHS = "$(inherited) @executable_path/Frameworks @loader_path/Frameworks";
				PRODUCT_BUNDLE_IDENTIFIER = "at.htl-leonding.CaH-ClientUITests";
				PRODUCT_NAME = "$(TARGET_NAME)";
				SWIFT_VERSION = 4.2;
				TARGETED_DEVICE_FAMILY = "1,2";
				TEST_TARGET_NAME = "CaH-Client";
			};
			name = Debug;
		};
		6C68877645497B4591533E30 /* Release */ = {
			isa = XCBuildConfiguration;
			buildSettings = {
				ALWAYS_SEARCH_USER_PATHS = NO;
				CLANG_ANALYZER_NONNULL = YES;
				CLANG_ANALYZER_NUMBER_OBJECT_CONVERSION = YES_AGGRESSIVE;
				CLANG_CXX_LANGUAGE_STANDARD = "gnu++14";
				CLANG_CXX_LIBRARY = "libc++";
				CLANG_ENABLE_MODULES = YES;
				CLANG_ENABLE_OBJC_ARC = YES;
				CLANG_ENABLE_OBJC_WEAK = YES;
				CLANG_WARN_BLOCK_CAPTURE_AUTORELEASING = YES;
				CLANG_WARN_BOOL_CONVERSION = YES;
				CLANG_WARN_COMMA = YES;
				CLANG_WARN_CONSTANT_CONVERSION = YES;
				CLANG_WARN_DEPRECATED_OBJC_IMPLEMENTATIONS = YES;
				CLANG_WARN_DIRECT_OBJC_ISA_USAGE = YES_ERROR;
				CLANG_WARN_DOCUMENTATION_COMMENTS = YES;
				CLANG_WARN_EMPTY_BODY = YES;
				CLANG_WARN_ENUM_CONVERSION = YES;
				CLANG_WARN_INFINITE_RECURSION = YES;
				CLANG_WARN_INT_CONVERSION = YES;
				CLANG_WARN_NON_LITERAL_NULL_CONVERSION = YES;
				CLANG_WARN_OBJC_IMPLICIT_RETAIN_SELF = YES;
				CLANG_WARN_OBJC_LITERAL_CONVERSION = YES;
				CLANG_WARN_OBJC_ROOT_CLASS = YES_ERROR;
				CLANG_WARN_RANGE_LOOP_ANALYSIS = YES;
				CLANG_WARN_STRICT_PROTOTYPES = YES;
				CLANG_WARN_SUSPICIOUS_MOVE = YES;
				CLANG_WARN_UNGUARDED_AVAILABILITY = YES_AGGRESSIVE;
				CLANG_WARN_UNREACHABLE_CODE = YES;
				CLANG_WARN__DUPLICATE_METHOD_MATCH = YES;
				CODE_SIGN_IDENTITY = "iPhone Developer";
				COPY_PHASE_STRIP = NO;
				DEBUG_INFORMATION_FORMAT = "dwarf-with-dsym";
				ENABLE_NS_ASSERTIONS = NO;
				ENABLE_STRICT_OBJC_MSGSEND = YES;
				GCC_C_LANGUAGE_STANDARD = gnu11;
				GCC_NO_COMMON_BLOCKS = YES;
				GCC_WARN_64_TO_32_BIT_CONVERSION = YES;
				GCC_WARN_ABOUT_RETURN_TYPE = YES_ERROR;
				GCC_WARN_UNDECLARED_SELECTOR = YES;
				GCC_WARN_UNINITIALIZED_AUTOS = YES_AGGRESSIVE;
				GCC_WARN_UNUSED_FUNCTION = YES;
				GCC_WARN_UNUSED_VARIABLE = YES;
				IPHONEOS_DEPLOYMENT_TARGET = 12.1;
				MTL_ENABLE_DEBUG_INFO = NO;
				MTL_FAST_MATH = YES;
				SDKROOT = iphoneos;
				SWIFT_OPTIMIZATION_LEVEL = "-Owholemodule";
				VALIDATE_PRODUCT = YES;
			};
			name = Release;
		};
		6C6888739350D36E0FC46E3F /* Release */ = {
			isa = XCBuildConfiguration;
			baseConfigurationReference = BDCDC6CAA6517C023A0EEF9F /* Pods-CaH-Client.release.xcconfig */;
			buildSettings = {
				ASSETCATALOG_COMPILER_APPICON_NAME = AppIcon;
				DEVELOPMENT_TEAM = BMARK28GQ6;
				INFOPLIST_FILE = "CaH-Client/Info.plist";
				LD_RUNPATH_SEARCH_PATHS = "$(inherited) @executable_path/Frameworks";
				PRODUCT_BUNDLE_IDENTIFIER = "at.htl-leonding.CaH-Client";
				PRODUCT_NAME = "$(TARGET_NAME)";
				SWIFT_VERSION = 4.2;
				TARGETED_DEVICE_FAMILY = "1,2";
			};
			name = Release;
		};
		6C6889A119887C9DC10FC30A /* Debug */ = {
			isa = XCBuildConfiguration;
			baseConfigurationReference = CFA37BB6A19E130BCA979BF1 /* Pods-CaH-ClientTests.debug.xcconfig */;
			buildSettings = {
				BUNDLE_LOADER = "$(BUILT_PRODUCTS_DIR)/CaH-Client.app/CaH-Client";
				INFOPLIST_FILE = "CaH-ClientTests/Info.plist";
				LD_RUNPATH_SEARCH_PATHS = "$(inherited) @executable_path/Frameworks @loader_path/Frameworks";
				PRODUCT_BUNDLE_IDENTIFIER = "at.htl-leonding.CaH-ClientTests";
				PRODUCT_NAME = "$(TARGET_NAME)";
				SWIFT_VERSION = 4.2;
				TARGETED_DEVICE_FAMILY = "1,2";
				TEST_HOST = "$(BUNDLE_LOADER)";
			};
			name = Debug;
		};
		6C688DAD9B282B8002164BD7 /* Debug */ = {
			isa = XCBuildConfiguration;
			baseConfigurationReference = A65217EC017140C2E835610C /* Pods-CaH-Client.debug.xcconfig */;
			buildSettings = {
				ASSETCATALOG_COMPILER_APPICON_NAME = AppIcon;
				DEVELOPMENT_TEAM = BMARK28GQ6;
				INFOPLIST_FILE = "CaH-Client/Info.plist";
				LD_RUNPATH_SEARCH_PATHS = "$(inherited) @executable_path/Frameworks";
				PRODUCT_BUNDLE_IDENTIFIER = "at.htl-leonding.CaH-Client";
				PRODUCT_NAME = "$(TARGET_NAME)";
				SWIFT_VERSION = 4.2;
				TARGETED_DEVICE_FAMILY = "1,2";
			};
			name = Debug;
		};
		6C688F6FBC528C7A2EAFA540 /* Debug */ = {
			isa = XCBuildConfiguration;
			buildSettings = {
				ALWAYS_SEARCH_USER_PATHS = NO;
				CLANG_ANALYZER_NONNULL = YES;
				CLANG_ANALYZER_NUMBER_OBJECT_CONVERSION = YES_AGGRESSIVE;
				CLANG_CXX_LANGUAGE_STANDARD = "gnu++14";
				CLANG_CXX_LIBRARY = "libc++";
				CLANG_ENABLE_MODULES = YES;
				CLANG_ENABLE_OBJC_ARC = YES;
				CLANG_ENABLE_OBJC_WEAK = YES;
				CLANG_WARN_BLOCK_CAPTURE_AUTORELEASING = YES;
				CLANG_WARN_BOOL_CONVERSION = YES;
				CLANG_WARN_COMMA = YES;
				CLANG_WARN_CONSTANT_CONVERSION = YES;
				CLANG_WARN_DEPRECATED_OBJC_IMPLEMENTATIONS = YES;
				CLANG_WARN_DIRECT_OBJC_ISA_USAGE = YES_ERROR;
				CLANG_WARN_DOCUMENTATION_COMMENTS = YES;
				CLANG_WARN_EMPTY_BODY = YES;
				CLANG_WARN_ENUM_CONVERSION = YES;
				CLANG_WARN_INFINITE_RECURSION = YES;
				CLANG_WARN_INT_CONVERSION = YES;
				CLANG_WARN_NON_LITERAL_NULL_CONVERSION = YES;
				CLANG_WARN_OBJC_IMPLICIT_RETAIN_SELF = YES;
				CLANG_WARN_OBJC_LITERAL_CONVERSION = YES;
				CLANG_WARN_OBJC_ROOT_CLASS = YES_ERROR;
				CLANG_WARN_RANGE_LOOP_ANALYSIS = YES;
				CLANG_WARN_STRICT_PROTOTYPES = YES;
				CLANG_WARN_SUSPICIOUS_MOVE = YES;
				CLANG_WARN_UNGUARDED_AVAILABILITY = YES_AGGRESSIVE;
				CLANG_WARN_UNREACHABLE_CODE = YES;
				CLANG_WARN__DUPLICATE_METHOD_MATCH = YES;
				CODE_SIGN_IDENTITY = "iPhone Developer";
				COPY_PHASE_STRIP = NO;
				DEBUG_INFORMATION_FORMAT = dwarf;
				ENABLE_STRICT_OBJC_MSGSEND = YES;
				ENABLE_TESTABILITY = YES;
				GCC_C_LANGUAGE_STANDARD = gnu11;
				GCC_DYNAMIC_NO_PIC = NO;
				GCC_NO_COMMON_BLOCKS = YES;
				GCC_OPTIMIZATION_LEVEL = 0;
				GCC_PREPROCESSOR_DEFINITIONS = (
					"DEBUG=1",
					"$(inherited)",
				);
				GCC_WARN_64_TO_32_BIT_CONVERSION = YES;
				GCC_WARN_ABOUT_RETURN_TYPE = YES_ERROR;
				GCC_WARN_UNDECLARED_SELECTOR = YES;
				GCC_WARN_UNINITIALIZED_AUTOS = YES_AGGRESSIVE;
				GCC_WARN_UNUSED_FUNCTION = YES;
				GCC_WARN_UNUSED_VARIABLE = YES;
				IPHONEOS_DEPLOYMENT_TARGET = 12.1;
				MTL_ENABLE_DEBUG_INFO = INCLUDE_SOURCE;
				MTL_FAST_MATH = YES;
				ONLY_ACTIVE_ARCH = YES;
				SDKROOT = iphoneos;
				SWIFT_ACTIVE_COMPILATION_CONDITIONS = DEBUG;
				SWIFT_OPTIMIZATION_LEVEL = "-Onone";
			};
			name = Debug;
		};
/* End XCBuildConfiguration section */

/* Begin XCConfigurationList section */
		6C688202DBEE9BBAC22694DB /* Build configuration list for PBXNativeTarget "CaH-ClientTests" */ = {
			isa = XCConfigurationList;
			buildConfigurations = (
				6C6889A119887C9DC10FC30A /* Debug */,
				6C68825BF3D2EC1479B6D96E /* Release */,
			);
			defaultConfigurationIsVisible = 0;
			defaultConfigurationName = Release;
		};
		6C68833F7886DCC7F7F35729 /* Build configuration list for PBXNativeTarget "CaH-Client" */ = {
			isa = XCConfigurationList;
			buildConfigurations = (
				6C688DAD9B282B8002164BD7 /* Debug */,
				6C6888739350D36E0FC46E3F /* Release */,
			);
			defaultConfigurationIsVisible = 0;
			defaultConfigurationName = Release;
		};
		6C6888503A95EFF66D5586C8 /* Build configuration list for PBXProject "CaH-Client" */ = {
			isa = XCConfigurationList;
			buildConfigurations = (
				6C688F6FBC528C7A2EAFA540 /* Debug */,
				6C68877645497B4591533E30 /* Release */,
			);
			defaultConfigurationIsVisible = 0;
			defaultConfigurationName = Release;
		};
		6C68899025DE5B886C84341A /* Build configuration list for PBXNativeTarget "CaH-ClientUITests" */ = {
			isa = XCConfigurationList;
			buildConfigurations = (
				6C6887393FB27E3367F5BB79 /* Debug */,
				6C68803EB03353228C975561 /* Release */,
			);
			defaultConfigurationIsVisible = 0;
			defaultConfigurationName = Release;
		};
/* End XCConfigurationList section */
	};
	rootObject = 6C688EF9EE235B6B38729370 /* Project object */;
}
